// !$*UTF8*$!
{
	archiveVersion = 1;
	classes = {
	};
	objectVersion = 56;
	objects = {

/* Begin PBXBuildFile section */
		ECE9C3CE2B32F15D00CF6103 /* SwiftUICoreDataFetchRequestRedesignApp.swift in Sources */ = {isa = PBXBuildFile; fileRef = ECE9C3CD2B32F15D00CF6103 /* SwiftUICoreDataFetchRequestRedesignApp.swift */; };
		ECE9C3D02B32F15D00CF6103 /* Persistence.swift in Sources */ = {isa = PBXBuildFile; fileRef = ECE9C3CF2B32F15D00CF6103 /* Persistence.swift */; };
		ECE9C3D32B32F15D00CF6103 /* SwiftUICoreDataFetchRequestRedesign.xcdatamodeld in Sources */ = {isa = PBXBuildFile; fileRef = ECE9C3D12B32F15D00CF6103 /* SwiftUICoreDataFetchRequestRedesign.xcdatamodeld */; };
		ECE9C3D52B32F15D00CF6103 /* ContentView.swift in Sources */ = {isa = PBXBuildFile; fileRef = ECE9C3D42B32F15D00CF6103 /* ContentView.swift */; };
		ECE9C3D72B32F15F00CF6103 /* Assets.xcassets in Resources */ = {isa = PBXBuildFile; fileRef = ECE9C3D62B32F15F00CF6103 /* Assets.xcassets */; };
		ECE9C3DB2B32F15F00CF6103 /* Preview Assets.xcassets in Resources */ = {isa = PBXBuildFile; fileRef = ECE9C3DA2B32F15F00CF6103 /* Preview Assets.xcassets */; };
		ECE9C3E22B32F3E100CF6103 /* FetchViewOriginal.swift in Sources */ = {isa = PBXBuildFile; fileRef = ECE9C3E12B32F3E100CF6103 /* FetchViewOriginal.swift */; };
		ECE9C3E42B32F61900CF6103 /* FetchViewRedesign.swift in Sources */ = {isa = PBXBuildFile; fileRef = ECE9C3E32B32F61900CF6103 /* FetchViewRedesign.swift */; };
		ECE9C4972B33019400CF6103 /* FetchMonitor.swift in Sources */ = {isa = PBXBuildFile; fileRef = ECE9C4962B33019400CF6103 /* FetchMonitor.swift */; };
/* End PBXBuildFile section */

/* Begin PBXFileReference section */
		ECE9C3CA2B32F15D00CF6103 /* SwiftUICoreDataFetchRequestRedesign.app */ = {isa = PBXFileReference; explicitFileType = wrapper.application; includeInIndex = 0; path = SwiftUICoreDataFetchRequestRedesign.app; sourceTree = BUILT_PRODUCTS_DIR; };
		ECE9C3CD2B32F15D00CF6103 /* SwiftUICoreDataFetchRequestRedesignApp.swift */ = {isa = PBXFileReference; lastKnownFileType = sourcecode.swift; path = SwiftUICoreDataFetchRequestRedesignApp.swift; sourceTree = "<group>"; };
		ECE9C3CF2B32F15D00CF6103 /* Persistence.swift */ = {isa = PBXFileReference; lastKnownFileType = sourcecode.swift; path = Persistence.swift; sourceTree = "<group>"; };
		ECE9C3D22B32F15D00CF6103 /* SwiftUICoreDataFetchRequestRedesign.xcdatamodel */ = {isa = PBXFileReference; lastKnownFileType = wrapper.xcdatamodel; path = SwiftUICoreDataFetchRequestRedesign.xcdatamodel; sourceTree = "<group>"; };
		ECE9C3D42B32F15D00CF6103 /* ContentView.swift */ = {isa = PBXFileReference; lastKnownFileType = sourcecode.swift; path = ContentView.swift; sourceTree = "<group>"; };
		ECE9C3D62B32F15F00CF6103 /* Assets.xcassets */ = {isa = PBXFileReference; lastKnownFileType = folder.assetcatalog; path = Assets.xcassets; sourceTree = "<group>"; };
		ECE9C3D82B32F15F00CF6103 /* SwiftUICoreDataFetchRequestRedesign.entitlements */ = {isa = PBXFileReference; lastKnownFileType = text.plist.entitlements; path = SwiftUICoreDataFetchRequestRedesign.entitlements; sourceTree = "<group>"; };
		ECE9C3DA2B32F15F00CF6103 /* Preview Assets.xcassets */ = {isa = PBXFileReference; lastKnownFileType = folder.assetcatalog; path = "Preview Assets.xcassets"; sourceTree = "<group>"; };
		ECE9C3E12B32F3E100CF6103 /* FetchViewOriginal.swift */ = {isa = PBXFileReference; lastKnownFileType = sourcecode.swift; path = FetchViewOriginal.swift; sourceTree = "<group>"; };
		ECE9C3E32B32F61900CF6103 /* FetchViewRedesign.swift */ = {isa = PBXFileReference; lastKnownFileType = sourcecode.swift; path = FetchViewRedesign.swift; sourceTree = "<group>"; };
		ECE9C4942B3300F200CF6103 /* SampleCode.xcconfig */ = {isa = PBXFileReference; fileEncoding = 4; lastKnownFileType = text.xcconfig; path = SampleCode.xcconfig; sourceTree = "<group>"; };
		ECE9C4962B33019400CF6103 /* FetchMonitor.swift */ = {isa = PBXFileReference; lastKnownFileType = sourcecode.swift; path = FetchMonitor.swift; sourceTree = "<group>"; };
		ECE9C4982B33025A00CF6103 /* README.md */ = {isa = PBXFileReference; fileEncoding = 4; lastKnownFileType = net.daringfireball.markdown; name = README.md; path = ../README.md; sourceTree = "<group>"; };
		ECE9C49A2B33025F00CF6103 /* LICENSE */ = {isa = PBXFileReference; fileEncoding = 4; lastKnownFileType = text; name = LICENSE; path = ../LICENSE; sourceTree = "<group>"; };
/* End PBXFileReference section */

/* Begin PBXFrameworksBuildPhase section */
		ECE9C3C72B32F15D00CF6103 /* Frameworks */ = {
			isa = PBXFrameworksBuildPhase;
			buildActionMask = 2147483647;
			files = (
			);
			runOnlyForDeploymentPostprocessing = 0;
		};
/* End PBXFrameworksBuildPhase section */

/* Begin PBXGroup section */
		ECE9C3C12B32F15D00CF6103 = {
			isa = PBXGroup;
			children = (
				ECE9C4982B33025A00CF6103 /* README.md */,
				ECE9C49A2B33025F00CF6103 /* LICENSE */,
				ECE9C4932B3300F200CF6103 /* Configuration */,
				ECE9C3CC2B32F15D00CF6103 /* SwiftUICoreDataFetchRequestRedesign */,
				ECE9C3CB2B32F15D00CF6103 /* Products */,
			);
			sourceTree = "<group>";
		};
		ECE9C3CB2B32F15D00CF6103 /* Products */ = {
			isa = PBXGroup;
			children = (
				ECE9C3CA2B32F15D00CF6103 /* SwiftUICoreDataFetchRequestRedesign.app */,
			);
			name = Products;
			sourceTree = "<group>";
		};
		ECE9C3CC2B32F15D00CF6103 /* SwiftUICoreDataFetchRequestRedesign */ = {
			isa = PBXGroup;
			children = (
				ECE9C3CD2B32F15D00CF6103 /* SwiftUICoreDataFetchRequestRedesignApp.swift */,
				ECE9C3CF2B32F15D00CF6103 /* Persistence.swift */,
				ECE9C3D42B32F15D00CF6103 /* ContentView.swift */,
				ECE9C3E12B32F3E100CF6103 /* FetchViewOriginal.swift */,
				ECE9C3E32B32F61900CF6103 /* FetchViewRedesign.swift */,
				ECE9C4962B33019400CF6103 /* FetchMonitor.swift */,
				ECE9C3D62B32F15F00CF6103 /* Assets.xcassets */,
				ECE9C3D82B32F15F00CF6103 /* SwiftUICoreDataFetchRequestRedesign.entitlements */,
				ECE9C3D12B32F15D00CF6103 /* SwiftUICoreDataFetchRequestRedesign.xcdatamodeld */,
				ECE9C3D92B32F15F00CF6103 /* Preview Content */,
			);
			path = SwiftUICoreDataFetchRequestRedesign;
			sourceTree = "<group>";
		};
		ECE9C3D92B32F15F00CF6103 /* Preview Content */ = {
			isa = PBXGroup;
			children = (
				ECE9C3DA2B32F15F00CF6103 /* Preview Assets.xcassets */,
			);
			path = "Preview Content";
			sourceTree = "<group>";
		};
		ECE9C4932B3300F200CF6103 /* Configuration */ = {
			isa = PBXGroup;
			children = (
				ECE9C4942B3300F200CF6103 /* SampleCode.xcconfig */,
			);
			path = Configuration;
			sourceTree = "<group>";
		};
/* End PBXGroup section */

/* Begin PBXNativeTarget section */
		ECE9C3C92B32F15D00CF6103 /* SwiftUICoreDataFetchRequestRedesign */ = {
			isa = PBXNativeTarget;
			buildConfigurationList = ECE9C3DE2B32F15F00CF6103 /* Build configuration list for PBXNativeTarget "SwiftUICoreDataFetchRequestRedesign" */;
			buildPhases = (
				ECE9C3C62B32F15D00CF6103 /* Sources */,
				ECE9C3C72B32F15D00CF6103 /* Frameworks */,
				ECE9C3C82B32F15D00CF6103 /* Resources */,
			);
			buildRules = (
			);
			dependencies = (
			);
			name = SwiftUICoreDataFetchRequestRedesign;
			productName = SwiftUICoreDataFetchRequestRedesign;
			productReference = ECE9C3CA2B32F15D00CF6103 /* SwiftUICoreDataFetchRequestRedesign.app */;
			productType = "com.apple.product-type.application";
		};
/* End PBXNativeTarget section */

/* Begin PBXProject section */
		ECE9C3C22B32F15D00CF6103 /* Project object */ = {
			isa = PBXProject;
			attributes = {
				BuildIndependentTargetsInParallel = 1;
				LastSwiftUpdateCheck = 1520;
				LastUpgradeCheck = 1520;
				TargetAttributes = {
					ECE9C3C92B32F15D00CF6103 = {
						CreatedOnToolsVersion = 15.2;
					};
				};
			};
			buildConfigurationList = ECE9C3C52B32F15D00CF6103 /* Build configuration list for PBXProject "SwiftUICoreDataFetchRequestRedesign" */;
			compatibilityVersion = "Xcode 14.0";
			developmentRegion = en;
			hasScannedForEncodings = 0;
			knownRegions = (
				en,
				Base,
			);
			mainGroup = ECE9C3C12B32F15D00CF6103;
			productRefGroup = ECE9C3CB2B32F15D00CF6103 /* Products */;
			projectDirPath = "";
			projectRoot = "";
			targets = (
				ECE9C3C92B32F15D00CF6103 /* SwiftUICoreDataFetchRequestRedesign */,
			);
		};
/* End PBXProject section */

/* Begin PBXResourcesBuildPhase section */
		ECE9C3C82B32F15D00CF6103 /* Resources */ = {
			isa = PBXResourcesBuildPhase;
			buildActionMask = 2147483647;
			files = (
				ECE9C3DB2B32F15F00CF6103 /* Preview Assets.xcassets in Resources */,
				ECE9C3D72B32F15F00CF6103 /* Assets.xcassets in Resources */,
			);
			runOnlyForDeploymentPostprocessing = 0;
		};
/* End PBXResourcesBuildPhase section */

/* Begin PBXSourcesBuildPhase section */
		ECE9C3C62B32F15D00CF6103 /* Sources */ = {
			isa = PBXSourcesBuildPhase;
			buildActionMask = 2147483647;
			files = (
				ECE9C3D32B32F15D00CF6103 /* SwiftUICoreDataFetchRequestRedesign.xcdatamodeld in Sources */,
				ECE9C3E22B32F3E100CF6103 /* FetchViewOriginal.swift in Sources */,
				ECE9C3E42B32F61900CF6103 /* FetchViewRedesign.swift in Sources */,
				ECE9C3CE2B32F15D00CF6103 /* SwiftUICoreDataFetchRequestRedesignApp.swift in Sources */,
				ECE9C3D52B32F15D00CF6103 /* ContentView.swift in Sources */,
				ECE9C3D02B32F15D00CF6103 /* Persistence.swift in Sources */,
				ECE9C4972B33019400CF6103 /* FetchMonitor.swift in Sources */,
			);
			runOnlyForDeploymentPostprocessing = 0;
		};
/* End PBXSourcesBuildPhase section */

/* Begin XCBuildConfiguration section */
		ECE9C3DC2B32F15F00CF6103 /* Debug */ = {
			isa = XCBuildConfiguration;
			buildSettings = {
				ALWAYS_SEARCH_USER_PATHS = NO;
				ASSETCATALOG_COMPILER_GENERATE_SWIFT_ASSET_SYMBOL_EXTENSIONS = YES;
				CLANG_ANALYZER_NONNULL = YES;
				CLANG_ANALYZER_NUMBER_OBJECT_CONVERSION = YES_AGGRESSIVE;
				CLANG_CXX_LANGUAGE_STANDARD = "gnu++20";
				CLANG_ENABLE_MODULES = YES;
				CLANG_ENABLE_OBJC_ARC = YES;
				CLANG_ENABLE_OBJC_WEAK = YES;
				CLANG_WARN_BLOCK_CAPTURE_AUTORELEASING = YES;
				CLANG_WARN_BOOL_CONVERSION = YES;
				CLANG_WARN_COMMA = YES;
				CLANG_WARN_CONSTANT_CONVERSION = YES;
				CLANG_WARN_DEPRECATED_OBJC_IMPLEMENTATIONS = YES;
				CLANG_WARN_DIRECT_OBJC_ISA_USAGE = YES_ERROR;
				CLANG_WARN_DOCUMENTATION_COMMENTS = YES;
				CLANG_WARN_EMPTY_BODY = YES;
				CLANG_WARN_ENUM_CONVERSION = YES;
				CLANG_WARN_INFINITE_RECURSION = YES;
				CLANG_WARN_INT_CONVERSION = YES;
				CLANG_WARN_NON_LITERAL_NULL_CONVERSION = YES;
				CLANG_WARN_OBJC_IMPLICIT_RETAIN_SELF = YES;
				CLANG_WARN_OBJC_LITERAL_CONVERSION = YES;
				CLANG_WARN_OBJC_ROOT_CLASS = YES_ERROR;
				CLANG_WARN_QUOTED_INCLUDE_IN_FRAMEWORK_HEADER = YES;
				CLANG_WARN_RANGE_LOOP_ANALYSIS = YES;
				CLANG_WARN_STRICT_PROTOTYPES = YES;
				CLANG_WARN_SUSPICIOUS_MOVE = YES;
				CLANG_WARN_UNGUARDED_AVAILABILITY = YES_AGGRESSIVE;
				CLANG_WARN_UNREACHABLE_CODE = YES;
				CLANG_WARN__DUPLICATE_METHOD_MATCH = YES;
				COPY_PHASE_STRIP = NO;
				DEBUG_INFORMATION_FORMAT = dwarf;
				ENABLE_STRICT_OBJC_MSGSEND = YES;
				ENABLE_TESTABILITY = YES;
				ENABLE_USER_SCRIPT_SANDBOXING = YES;
				GCC_C_LANGUAGE_STANDARD = gnu17;
				GCC_DYNAMIC_NO_PIC = NO;
				GCC_NO_COMMON_BLOCKS = YES;
				GCC_OPTIMIZATION_LEVEL = 0;
				GCC_PREPROCESSOR_DEFINITIONS = (
					"DEBUG=1",
					"$(inherited)",
				);
				GCC_WARN_64_TO_32_BIT_CONVERSION = YES;
				GCC_WARN_ABOUT_RETURN_TYPE = YES_ERROR;
				GCC_WARN_UNDECLARED_SELECTOR = YES;
				GCC_WARN_UNINITIALIZED_AUTOS = YES_AGGRESSIVE;
				GCC_WARN_UNUSED_FUNCTION = YES;
				GCC_WARN_UNUSED_VARIABLE = YES;
				LOCALIZATION_PREFERS_STRING_CATALOGS = YES;
				MTL_ENABLE_DEBUG_INFO = INCLUDE_SOURCE;
				MTL_FAST_MATH = YES;
				ONLY_ACTIVE_ARCH = YES;
				SWIFT_ACTIVE_COMPILATION_CONDITIONS = "DEBUG $(inherited)";
				SWIFT_OPTIMIZATION_LEVEL = "-Onone";
			};
			name = Debug;
		};
		ECE9C3DD2B32F15F00CF6103 /* Release */ = {
			isa = XCBuildConfiguration;
			buildSettings = {
				ALWAYS_SEARCH_USER_PATHS = NO;
				ASSETCATALOG_COMPILER_GENERATE_SWIFT_ASSET_SYMBOL_EXTENSIONS = YES;
				CLANG_ANALYZER_NONNULL = YES;
				CLANG_ANALYZER_NUMBER_OBJECT_CONVERSION = YES_AGGRESSIVE;
				CLANG_CXX_LANGUAGE_STANDARD = "gnu++20";
				CLANG_ENABLE_MODULES = YES;
				CLANG_ENABLE_OBJC_ARC = YES;
				CLANG_ENABLE_OBJC_WEAK = YES;
				CLANG_WARN_BLOCK_CAPTURE_AUTORELEASING = YES;
				CLANG_WARN_BOOL_CONVERSION = YES;
				CLANG_WARN_COMMA = YES;
				CLANG_WARN_CONSTANT_CONVERSION = YES;
				CLANG_WARN_DEPRECATED_OBJC_IMPLEMENTATIONS = YES;
				CLANG_WARN_DIRECT_OBJC_ISA_USAGE = YES_ERROR;
				CLANG_WARN_DOCUMENTATION_COMMENTS = YES;
				CLANG_WARN_EMPTY_BODY = YES;
				CLANG_WARN_ENUM_CONVERSION = YES;
				CLANG_WARN_INFINITE_RECURSION = YES;
				CLANG_WARN_INT_CONVERSION = YES;
				CLANG_WARN_NON_LITERAL_NULL_CONVERSION = YES;
				CLANG_WARN_OBJC_IMPLICIT_RETAIN_SELF = YES;
				CLANG_WARN_OBJC_LITERAL_CONVERSION = YES;
				CLANG_WARN_OBJC_ROOT_CLASS = YES_ERROR;
				CLANG_WARN_QUOTED_INCLUDE_IN_FRAMEWORK_HEADER = YES;
				CLANG_WARN_RANGE_LOOP_ANALYSIS = YES;
				CLANG_WARN_STRICT_PROTOTYPES = YES;
				CLANG_WARN_SUSPICIOUS_MOVE = YES;
				CLANG_WARN_UNGUARDED_AVAILABILITY = YES_AGGRESSIVE;
				CLANG_WARN_UNREACHABLE_CODE = YES;
				CLANG_WARN__DUPLICATE_METHOD_MATCH = YES;
				COPY_PHASE_STRIP = NO;
				DEBUG_INFORMATION_FORMAT = "dwarf-with-dsym";
				ENABLE_NS_ASSERTIONS = NO;
				ENABLE_STRICT_OBJC_MSGSEND = YES;
				ENABLE_USER_SCRIPT_SANDBOXING = YES;
				GCC_C_LANGUAGE_STANDARD = gnu17;
				GCC_NO_COMMON_BLOCKS = YES;
				GCC_WARN_64_TO_32_BIT_CONVERSION = YES;
				GCC_WARN_ABOUT_RETURN_TYPE = YES_ERROR;
				GCC_WARN_UNDECLARED_SELECTOR = YES;
				GCC_WARN_UNINITIALIZED_AUTOS = YES_AGGRESSIVE;
				GCC_WARN_UNUSED_FUNCTION = YES;
				GCC_WARN_UNUSED_VARIABLE = YES;
				LOCALIZATION_PREFERS_STRING_CATALOGS = YES;
				MTL_ENABLE_DEBUG_INFO = NO;
				MTL_FAST_MATH = YES;
				SWIFT_COMPILATION_MODE = wholemodule;
			};
			name = Release;
		};
		ECE9C3DF2B32F15F00CF6103 /* Debug */ = {
			isa = XCBuildConfiguration;
			baseConfigurationReference = ECE9C4942B3300F200CF6103 /* SampleCode.xcconfig */;
			buildSettings = {
				ASSETCATALOG_COMPILER_APPICON_NAME = AppIcon;
				ASSETCATALOG_COMPILER_GLOBAL_ACCENT_COLOR_NAME = AccentColor;
				CODE_SIGN_ENTITLEMENTS = SwiftUICoreDataFetchRequestRedesign/SwiftUICoreDataFetchRequestRedesign.entitlements;
				CODE_SIGN_STYLE = Automatic;
				CURRENT_PROJECT_VERSION = 1;
				DEVELOPMENT_ASSET_PATHS = "\"SwiftUICoreDataFetchRequestRedesign/Preview Content\"";
				DEVELOPMENT_TEAM = "";
				ENABLE_HARDENED_RUNTIME = YES;
				ENABLE_PREVIEWS = YES;
				GENERATE_INFOPLIST_FILE = YES;
				"INFOPLIST_KEY_UIApplicationSceneManifest_Generation[sdk=iphoneos*]" = YES;
				"INFOPLIST_KEY_UIApplicationSceneManifest_Generation[sdk=iphonesimulator*]" = YES;
				"INFOPLIST_KEY_UIApplicationSupportsIndirectInputEvents[sdk=iphoneos*]" = YES;
				"INFOPLIST_KEY_UIApplicationSupportsIndirectInputEvents[sdk=iphonesimulator*]" = YES;
				"INFOPLIST_KEY_UILaunchScreen_Generation[sdk=iphoneos*]" = YES;
				"INFOPLIST_KEY_UILaunchScreen_Generation[sdk=iphonesimulator*]" = YES;
				"INFOPLIST_KEY_UIStatusBarStyle[sdk=iphoneos*]" = UIStatusBarStyleDefault;
				"INFOPLIST_KEY_UIStatusBarStyle[sdk=iphonesimulator*]" = UIStatusBarStyleDefault;
				INFOPLIST_KEY_UISupportedInterfaceOrientations_iPad = "UIInterfaceOrientationPortrait UIInterfaceOrientationPortraitUpsideDown UIInterfaceOrientationLandscapeLeft UIInterfaceOrientationLandscapeRight";
				INFOPLIST_KEY_UISupportedInterfaceOrientations_iPhone = "UIInterfaceOrientationPortrait UIInterfaceOrientationLandscapeLeft UIInterfaceOrientationLandscapeRight";
				IPHONEOS_DEPLOYMENT_TARGET = 17.2;
				LD_RUNPATH_SEARCH_PATHS = "@executable_path/Frameworks";
				"LD_RUNPATH_SEARCH_PATHS[sdk=macosx*]" = "@executable_path/../Frameworks";
				MACOSX_DEPLOYMENT_TARGET = 14.2;
				MARKETING_VERSION = 1.0;
				PRODUCT_BUNDLE_IDENTIFIER = "com.malcolmhall.SwiftUICoreDataFetchRequestRedesign${SAMPLE_CODE_DISAMBIGUATOR}";
				PRODUCT_NAME = "$(TARGET_NAME)";
				SDKROOT = auto;
				SUPPORTED_PLATFORMS = "iphoneos iphonesimulator macosx";
				SWIFT_EMIT_LOC_STRINGS = YES;
				SWIFT_VERSION = 5.0;
				TARGETED_DEVICE_FAMILY = "1,2";
			};
			name = Debug;
		};
		ECE9C3E02B32F15F00CF6103 /* Release */ = {
			isa = XCBuildConfiguration;
			baseConfigurationReference = ECE9C4942B3300F200CF6103 /* SampleCode.xcconfig */;
			buildSettings = {
				ASSETCATALOG_COMPILER_APPICON_NAME = AppIcon;
				ASSETCATALOG_COMPILER_GLOBAL_ACCENT_COLOR_NAME = AccentColor;
				CODE_SIGN_ENTITLEMENTS = SwiftUICoreDataFetchRequestRedesign/SwiftUICoreDataFetchRequestRedesign.entitlements;
				CODE_SIGN_STYLE = Automatic;
				CURRENT_PROJECT_VERSION = 1;
				DEVELOPMENT_ASSET_PATHS = "\"SwiftUICoreDataFetchRequestRedesign/Preview Content\"";
				DEVELOPMENT_TEAM = "";
				ENABLE_HARDENED_RUNTIME = YES;
				ENABLE_PREVIEWS = YES;
				GENERATE_INFOPLIST_FILE = YES;
				"INFOPLIST_KEY_UIApplicationSceneManifest_Generation[sdk=iphoneos*]" = YES;
				"INFOPLIST_KEY_UIApplicationSceneManifest_Generation[sdk=iphonesimulator*]" = YES;
				"INFOPLIST_KEY_UIApplicationSupportsIndirectInputEvents[sdk=iphoneos*]" = YES;
				"INFOPLIST_KEY_UIApplicationSupportsIndirectInputEvents[sdk=iphonesimulator*]" = YES;
				"INFOPLIST_KEY_UILaunchScreen_Generation[sdk=iphoneos*]" = YES;
				"INFOPLIST_KEY_UILaunchScreen_Generation[sdk=iphonesimulator*]" = YES;
				"INFOPLIST_KEY_UIStatusBarStyle[sdk=iphoneos*]" = UIStatusBarStyleDefault;
				"INFOPLIST_KEY_UIStatusBarStyle[sdk=iphonesimulator*]" = UIStatusBarStyleDefault;
				INFOPLIST_KEY_UISupportedInterfaceOrientations_iPad = "UIInterfaceOrientationPortrait UIInterfaceOrientationPortraitUpsideDown UIInterfaceOrientationLandscapeLeft UIInterfaceOrientationLandscapeRight";
				INFOPLIST_KEY_UISupportedInterfaceOrientations_iPhone = "UIInterfaceOrientationPortrait UIInterfaceOrientationLandscapeLeft UIInterfaceOrientationLandscapeRight";
				IPHONEOS_DEPLOYMENT_TARGET = 17.2;
				LD_RUNPATH_SEARCH_PATHS = "@executable_path/Frameworks";
				"LD_RUNPATH_SEARCH_PATHS[sdk=macosx*]" = "@executable_path/../Frameworks";
				MACOSX_DEPLOYMENT_TARGET = 14.2;
				MARKETING_VERSION = 1.0;
				PRODUCT_BUNDLE_IDENTIFIER = "com.malcolmhall.SwiftUICoreDataFetchRequestRedesign${SAMPLE_CODE_DISAMBIGUATOR}";
				PRODUCT_NAME = "$(TARGET_NAME)";
				SDKROOT = auto;
				SUPPORTED_PLATFORMS = "iphoneos iphonesimulator macosx";
				SWIFT_EMIT_LOC_STRINGS = YES;
				SWIFT_VERSION = 5.0;
				TARGETED_DEVICE_FAMILY = "1,2";
			};
			name = Release;
		};
/* End XCBuildConfiguration section */

/* Begin XCConfigurationList section */
		ECE9C3C52B32F15D00CF6103 /* Build configuration list for PBXProject "SwiftUICoreDataFetchRequestRedesign" */ = {
			isa = XCConfigurationList;
			buildConfigurations = (
				ECE9C3DC2B32F15F00CF6103 /* Debug */,
				ECE9C3DD2B32F15F00CF6103 /* Release */,
			);
			defaultConfigurationIsVisible = 0;
			defaultConfigurationName = Release;
		};
		ECE9C3DE2B32F15F00CF6103 /* Build configuration list for PBXNativeTarget "SwiftUICoreDataFetchRequestRedesign" */ = {
			isa = XCConfigurationList;
			buildConfigurations = (
				ECE9C3DF2B32F15F00CF6103 /* Debug */,
				ECE9C3E02B32F15F00CF6103 /* Release */,
			);
			defaultConfigurationIsVisible = 0;
			defaultConfigurationName = Release;
		};
/* End XCConfigurationList section */

/* Begin XCVersionGroup section */
		ECE9C3D12B32F15D00CF6103 /* SwiftUICoreDataFetchRequestRedesign.xcdatamodeld */ = {
			isa = XCVersionGroup;
			children = (
				ECE9C3D22B32F15D00CF6103 /* SwiftUICoreDataFetchRequestRedesign.xcdatamodel */,
			);
			currentVersion = ECE9C3D22B32F15D00CF6103 /* SwiftUICoreDataFetchRequestRedesign.xcdatamodel */;
			path = SwiftUICoreDataFetchRequestRedesign.xcdatamodeld;
			sourceTree = "<group>";
			versionGroupType = wrapper.xcdatamodel;
		};
/* End XCVersionGroup section */
	};
	rootObject = ECE9C3C22B32F15D00CF6103 /* Project object */;
}
